{
  "nodes": {
    "home-manager": {
      "inputs": {
        "nixpkgs": "nixpkgs"
      },
      "locked": {
        "lastModified": 1765170903,
        "narHash": "sha256-O8VTGey1xxiRW+Fpb+Ps9zU7ShmxUA1a7cMTcENCVNg=",
        "owner": "nix-community",
        "repo": "home-manager",
        "rev": "20561be440a11ec57a89715480717baf19fe6343",
        "type": "github"
      },
      "original": {
        "owner": "nix-community",
        "ref": "release-25.11",
        "repo": "home-manager",
        "type": "github"
      }
    },
    "nixpkgs": {
      "locked": {
        "lastModified": 1764831616,
        "narHash": "sha256-OtzF5wBvO0jgW1WW1rQU9cMGx7zuvkF7CAVJ1ypzkxA=",
        "owner": "NixOS",
        "repo": "nixpkgs",
        "rev": "c97c47f2bac4fa59e2cbdeba289686ae615f8ed4",
        "type": "github"
      },
      "original": {
        "owner": "NixOS",
        "ref": "nixos-25.11",
        "repo": "nixpkgs",
        "type": "github"
      }
    },
    "nixpkgs-unstable": {
      "locked": {
        "lastModified": 1764950072,
        "narHash": "sha256-BmPWzogsG2GsXZtlT+MTcAWeDK5hkbGRZTeZNW42fwA=",
        "owner": "nixos",
        "repo": "nixpkgs",
        "rev": "f61125a668a320878494449750330ca58b78c557",
        "type": "github"
      },
      "original": {
        "owner": "nixos",
        "ref": "nixos-unstable",
        "repo": "nixpkgs",
        "type": "github"
      }
    },
    "nixpkgs_2": {
      "locked": {
        "lastModified": 1764983851,
        "narHash": "sha256-y7RPKl/jJ/KAP/VKLMghMgXTlvNIJMHKskl8/Uuar7o=",
        "owner": "NixOS",
        "repo": "nixpkgs",
        "rev": "d9bc5c7dceb30d8d6fafa10aeb6aa8a48c218454",
        "type": "github"
      },
      "original": {
        "owner": "NixOS",
        "ref": "nixos-25.11",
        "repo": "nixpkgs",
        "type": "github"
      }
    },
    "root": {
      "inputs": {
        "home-manager": "home-manager",
        "nixpkgs": "nixpkgs_2",
        "nixpkgs-unstable": "nixpkgs-unstable"
      }
    }
  },
  "root": "root",
  "version": 7
}
